// !$*UTF8*$!
{
	archiveVersion = 1;
	classes = {
	};
	objectVersion = 46;
	objects = {

/* Begin PBXBuildFile section */
		5E314A111C9974300076DB82 /* main.m in Sources */ = {isa = PBXBuildFile; fileRef = 5E314A101C9974300076DB82 /* main.m */; };
		5E314A141C9974300076DB82 /* AppDelegate.m in Sources */ = {isa = PBXBuildFile; fileRef = 5E314A131C9974300076DB82 /* AppDelegate.m */; };
		5E314A171C9974300076DB82 /* ViewController.m in Sources */ = {isa = PBXBuildFile; fileRef = 5E314A161C9974300076DB82 /* ViewController.m */; };
		5E314A1A1C9974300076DB82 /* Main.storyboard in Resources */ = {isa = PBXBuildFile; fileRef = 5E314A181C9974300076DB82 /* Main.storyboard */; };
		5E314A1C1C9974300076DB82 /* Assets.xcassets in Resources */ = {isa = PBXBuildFile; fileRef = 5E314A1B1C9974300076DB82 /* Assets.xcassets */; };
		5E314A1F1C9974300076DB82 /* LaunchScreen.storyboard in Resources */ = {isa = PBXBuildFile; fileRef = 5E314A1D1C9974300076DB82 /* LaunchScreen.storyboard */; };
		5E314A2A1C9974300076DB82 /* TYPhotosAlbumTests.m in Sources */ = {isa = PBXBuildFile; fileRef = 5E314A291C9974300076DB82 /* TYPhotosAlbumTests.m */; };
		5E314A351C9974300076DB82 /* TYPhotosAlbumUITests.m in Sources */ = {isa = PBXBuildFile; fileRef = 5E314A341C9974300076DB82 /* TYPhotosAlbumUITests.m */; };
		5E314A761C9977B90076DB82 /* SCCaptureCameraController.m in Sources */ = {isa = PBXBuildFile; fileRef = 5E314A481C9977B90076DB82 /* SCCaptureCameraController.m */; };
		5E314A771C9977B90076DB82 /* SCCaptureSessionManager.m in Sources */ = {isa = PBXBuildFile; fileRef = 5E314A4A1C9977B90076DB82 /* SCCaptureSessionManager.m */; };
		5E314A781C9977B90076DB82 /* SCNavigationController.m in Sources */ = {isa = PBXBuildFile; fileRef = 5E314A4C1C9977B90076DB82 /* SCNavigationController.m */; };
		5E314A791C9977B90076DB82 /* SCSlider.m in Sources */ = {isa = PBXBuildFile; fileRef = 5E314A4E1C9977B90076DB82 /* SCSlider.m */; };
		5E314A7A1C9977B90076DB82 /* UIImage+Resize.m in Sources */ = {isa = PBXBuildFile; fileRef = 5E314A501C9977B90076DB82 /* UIImage+Resize.m */; };
		5E314A7B1C9977B90076DB82 /* SCCommon.m in Sources */ = {isa = PBXBuildFile; fileRef = 5E314A531C9977B90076DB82 /* SCCommon.m */; };
		5E314A7C1C9977B90076DB82 /* DCCrossHairView.m in Sources */ = {isa = PBXBuildFile; fileRef = 5E314A581C9977B90076DB82 /* DCCrossHairView.m */; };
		5E314A7D1C9977B90076DB82 /* DCFrameView.m in Sources */ = {isa = PBXBuildFile; fileRef = 5E314A5A1C9977B90076DB82 /* DCFrameView.m */; };
		5E314A7E1C9977B90076DB82 /* DCIntrospect.m in Sources */ = {isa = PBXBuildFile; fileRef = 5E314A5C1C9977B90076DB82 /* DCIntrospect.m */; };
		5E314A7F1C9977B90076DB82 /* DCStatusBarOverlay.m in Sources */ = {isa = PBXBuildFile; fileRef = 5E314A5F1C9977B90076DB82 /* DCStatusBarOverlay.m */; };
		5E314A801C9977B90076DB82 /* DCTextView.m in Sources */ = {isa = PBXBuildFile; fileRef = 5E314A611C9977B90076DB82 /* DCTextView.m */; };
		5E314A811C9977B90076DB82 /* UIView+DCAdditions.m in Sources */ = {isa = PBXBuildFile; fileRef = 5E314A631C9977B90076DB82 /* UIView+DCAdditions.m */; };
		5E314A821C9977B90076DB82 /* SVProgressHUD.bundle in Resources */ = {isa = PBXBuildFile; fileRef = 5E314A651C9977B90076DB82 /* SVProgressHUD.bundle */; };
		5E314A831C9977B90076DB82 /* SVProgressHUD.m in Sources */ = {isa = PBXBuildFile; fileRef = 5E314A671C9977B90076DB82 /* SVProgressHUD.m */; };
		5E314A841C9977B90076DB82 /* TYimageCropView.m in Sources */ = {isa = PBXBuildFile; fileRef = 5E314A6A1C9977B90076DB82 /* TYimageCropView.m */; };
		5E314A851C9977B90076DB82 /* TYPhotoAlbum_CameraCell.m in Sources */ = {isa = PBXBuildFile; fileRef = 5E314A6D1C9977B90076DB82 /* TYPhotoAlbum_CameraCell.m */; };
		5E314A861C9977B90076DB82 /* TYPhotoAlbum_PicCell.m in Sources */ = {isa = PBXBuildFile; fileRef = 5E314A6F1C9977B90076DB82 /* TYPhotoAlbum_PicCell.m */; };
		5E314A871C9977B90076DB82 /* TYPhotoAlbumAssetsLibraryView.m in Sources */ = {isa = PBXBuildFile; fileRef = 5E314A711C9977B90076DB82 /* TYPhotoAlbumAssetsLibraryView.m */; };
		5E314A881C9977B90076DB82 /* TYPhotoAlbumPhotoKitView.m in Sources */ = {isa = PBXBuildFile; fileRef = 5E314A731C9977B90076DB82 /* TYPhotoAlbumPhotoKitView.m */; };
		5E314A891C9977B90076DB82 /* TYPhotosAlbumView.m in Sources */ = {isa = PBXBuildFile; fileRef = 5E314A751C9977B90076DB82 /* TYPhotosAlbumView.m */; };
		5E314AA31C9978340076DB82 /* MASCompositeConstraint.m in Sources */ = {isa = PBXBuildFile; fileRef = 5E314A8D1C9978340076DB82 /* MASCompositeConstraint.m */; };
		5E314AA41C9978340076DB82 /* MASConstraint.m in Sources */ = {isa = PBXBuildFile; fileRef = 5E314A901C9978340076DB82 /* MASConstraint.m */; };
		5E314AA51C9978340076DB82 /* MASConstraintMaker.m in Sources */ = {isa = PBXBuildFile; fileRef = 5E314A921C9978340076DB82 /* MASConstraintMaker.m */; };
		5E314AA61C9978340076DB82 /* MASLayoutConstraint.m in Sources */ = {isa = PBXBuildFile; fileRef = 5E314A941C9978340076DB82 /* MASLayoutConstraint.m */; };
		5E314AA71C9978340076DB82 /* MASViewAttribute.m in Sources */ = {isa = PBXBuildFile; fileRef = 5E314A981C9978340076DB82 /* MASViewAttribute.m */; };
		5E314AA81C9978340076DB82 /* MASViewConstraint.m in Sources */ = {isa = PBXBuildFile; fileRef = 5E314A9A1C9978340076DB82 /* MASViewConstraint.m */; };
		5E314AA91C9978340076DB82 /* NSArray+MASAdditions.m in Sources */ = {isa = PBXBuildFile; fileRef = 5E314A9C1C9978340076DB82 /* NSArray+MASAdditions.m */; };
		5E314AAA1C9978340076DB82 /* NSLayoutConstraint+MASDebugAdditions.m in Sources */ = {isa = PBXBuildFile; fileRef = 5E314A9F1C9978340076DB82 /* NSLayoutConstraint+MASDebugAdditions.m */; };
		5E314AAB1C9978340076DB82 /* View+MASAdditions.m in Sources */ = {isa = PBXBuildFile; fileRef = 5E314AA11C9978340076DB82 /* View+MASAdditions.m */; };
		5E314AB71C9978790076DB82 /* UIColor+Extension.m in Sources */ = {isa = PBXBuildFile; fileRef = 5E314AB21C9978790076DB82 /* UIColor+Extension.m */; };
		5E314ABC1C9979870076DB82 /* CustomNavigationController.m in Sources */ = {isa = PBXBuildFile; fileRef = 5E314ABB1C9979870076DB82 /* CustomNavigationController.m */; };
		5E314AC11C9979D80076DB82 /* UIButton+CommonButton.m in Sources */ = {isa = PBXBuildFile; fileRef = 5E314ABE1C9979D80076DB82 /* UIButton+CommonButton.m */; };
		5E314AC21C9979D80076DB82 /* UIViewController+NavigationBarItemFlexiable.m in Sources */ = {isa = PBXBuildFile; fileRef = 5E314AC01C9979D80076DB82 /* UIViewController+NavigationBarItemFlexiable.m */; };
		5E314AC61C997C7C0076DB82 /* SettingLabel.m in Sources */ = {isa = PBXBuildFile; fileRef = 5E314AC51C997C7C0076DB82 /* SettingLabel.m */; };
		5E314AC91C99805A0076DB82 /* showPhotoVC.m in Sources */ = {isa = PBXBuildFile; fileRef = 5E314AC81C99805A0076DB82 /* showPhotoVC.m */; };
/* End PBXBuildFile section */

/* Begin PBXContainerItemProxy section */
		5E314A261C9974300076DB82 /* PBXContainerItemProxy */ = {
			isa = PBXContainerItemProxy;
			containerPortal = 5E314A041C9974300076DB82 /* Project object */;
			proxyType = 1;
			remoteGlobalIDString = 5E314A0B1C9974300076DB82;
			remoteInfo = TYPhotosAlbum;
		};
		5E314A311C9974300076DB82 /* PBXContainerItemProxy */ = {
			isa = PBXContainerItemProxy;
			containerPortal = 5E314A041C9974300076DB82 /* Project object */;
			proxyType = 1;
			remoteGlobalIDString = 5E314A0B1C9974300076DB82;
			remoteInfo = TYPhotosAlbum;
		};
/* End PBXContainerItemProxy section */

/* Begin PBXFileReference section */
		5E314A0C1C9974300076DB82 /* TYPhotosAlbum.app */ = {isa = PBXFileReference; explicitFileType = wrapper.application; includeInIndex = 0; path = TYPhotosAlbum.app; sourceTree = BUILT_PRODUCTS_DIR; };
		5E314A101C9974300076DB82 /* main.m */ = {isa = PBXFileReference; lastKnownFileType = sourcecode.c.objc; path = main.m; sourceTree = "<group>"; };
		5E314A121C9974300076DB82 /* AppDelegate.h */ = {isa = PBXFileReference; lastKnownFileType = sourcecode.c.h; path = AppDelegate.h; sourceTree = "<group>"; };
		5E314A131C9974300076DB82 /* AppDelegate.m */ = {isa = PBXFileReference; lastKnownFileType = sourcecode.c.objc; path = AppDelegate.m; sourceTree = "<group>"; };
		5E314A151C9974300076DB82 /* ViewController.h */ = {isa = PBXFileReference; lastKnownFileType = sourcecode.c.h; path = ViewController.h; sourceTree = "<group>"; };
		5E314A161C9974300076DB82 /* ViewController.m */ = {isa = PBXFileReference; lastKnownFileType = sourcecode.c.objc; path = ViewController.m; sourceTree = "<group>"; };
		5E314A191C9974300076DB82 /* Base */ = {isa = PBXFileReference; lastKnownFileType = file.storyboard; name = Base; path = Base.lproj/Main.storyboard; sourceTree = "<group>"; };
		5E314A1B1C9974300076DB82 /* Assets.xcassets */ = {isa = PBXFileReference; lastKnownFileType = folder.assetcatalog; path = Assets.xcassets; sourceTree = "<group>"; };
		5E314A1E1C9974300076DB82 /* Base */ = {isa = PBXFileReference; lastKnownFileType = file.storyboard; name = Base; path = Base.lproj/LaunchScreen.storyboard; sourceTree = "<group>"; };
		5E314A201C9974300076DB82 /* Info.plist */ = {isa = PBXFileReference; lastKnownFileType = text.plist.xml; path = Info.plist; sourceTree = "<group>"; };
		5E314A251C9974300076DB82 /* TYPhotosAlbumTests.xctest */ = {isa = PBXFileReference; explicitFileType = wrapper.cfbundle; includeInIndex = 0; path = TYPhotosAlbumTests.xctest; sourceTree = BUILT_PRODUCTS_DIR; };
		5E314A291C9974300076DB82 /* TYPhotosAlbumTests.m */ = {isa = PBXFileReference; lastKnownFileType = sourcecode.c.objc; path = TYPhotosAlbumTests.m; sourceTree = "<group>"; };
		5E314A2B1C9974300076DB82 /* Info.plist */ = {isa = PBXFileReference; lastKnownFileType = text.plist.xml; path = Info.plist; sourceTree = "<group>"; };
		5E314A301C9974300076DB82 /* TYPhotosAlbumUITests.xctest */ = {isa = PBXFileReference; explicitFileType = wrapper.cfbundle; includeInIndex = 0; path = TYPhotosAlbumUITests.xctest; sourceTree = BUILT_PRODUCTS_DIR; };
		5E314A341C9974300076DB82 /* TYPhotosAlbumUITests.m */ = {isa = PBXFileReference; lastKnownFileType = sourcecode.c.objc; path = TYPhotosAlbumUITests.m; sourceTree = "<group>"; };
		5E314A361C9974300076DB82 /* Info.plist */ = {isa = PBXFileReference; lastKnownFileType = text.plist.xml; path = Info.plist; sourceTree = "<group>"; };
		5E314A471C9977B90076DB82 /* SCCaptureCameraController.h */ = {isa = PBXFileReference; fileEncoding = 4; lastKnownFileType = sourcecode.c.h; path = SCCaptureCameraController.h; sourceTree = "<group>"; };
		5E314A481C9977B90076DB82 /* SCCaptureCameraController.m */ = {isa = PBXFileReference; fileEncoding = 4; lastKnownFileType = sourcecode.c.objc; path = SCCaptureCameraController.m; sourceTree = "<group>"; };
		5E314A491C9977B90076DB82 /* SCCaptureSessionManager.h */ = {isa = PBXFileReference; fileEncoding = 4; lastKnownFileType = sourcecode.c.h; path = SCCaptureSessionManager.h; sourceTree = "<group>"; };
		5E314A4A1C9977B90076DB82 /* SCCaptureSessionManager.m */ = {isa = PBXFileReference; fileEncoding = 4; lastKnownFileType = sourcecode.c.objc; path = SCCaptureSessionManager.m; sourceTree = "<group>"; };
		5E314A4B1C9977B90076DB82 /* SCNavigationController.h */ = {isa = PBXFileReference; fileEncoding = 4; lastKnownFileType = sourcecode.c.h; path = SCNavigationController.h; sourceTree = "<group>"; };
		5E314A4C1C9977B90076DB82 /* SCNavigationController.m */ = {isa = PBXFileReference; fileEncoding = 4; lastKnownFileType = sourcecode.c.objc; path = SCNavigationController.m; sourceTree = "<group>"; };
		5E314A4D1C9977B90076DB82 /* SCSlider.h */ = {isa = PBXFileReference; fileEncoding = 4; lastKnownFileType = sourcecode.c.h; path = SCSlider.h; sourceTree = "<group>"; };
		5E314A4E1C9977B90076DB82 /* SCSlider.m */ = {isa = PBXFileReference; fileEncoding = 4; lastKnownFileType = sourcecode.c.objc; path = SCSlider.m; sourceTree = "<group>"; };
		5E314A4F1C9977B90076DB82 /* UIImage+Resize.h */ = {isa = PBXFileReference; fileEncoding = 4; lastKnownFileType = sourcecode.c.h; path = "UIImage+Resize.h"; sourceTree = "<group>"; };
		5E314A501C9977B90076DB82 /* UIImage+Resize.m */ = {isa = PBXFileReference; fileEncoding = 4; lastKnownFileType = sourcecode.c.objc; path = "UIImage+Resize.m"; sourceTree = "<group>"; };
		5E314A521C9977B90076DB82 /* SCCommon.h */ = {isa = PBXFileReference; fileEncoding = 4; lastKnownFileType = sourcecode.c.h; path = SCCommon.h; sourceTree = "<group>"; };
		5E314A531C9977B90076DB82 /* SCCommon.m */ = {isa = PBXFileReference; fileEncoding = 4; lastKnownFileType = sourcecode.c.objc; path = SCCommon.m; sourceTree = "<group>"; };
		5E314A541C9977B90076DB82 /* SCDefines.h */ = {isa = PBXFileReference; fileEncoding = 4; lastKnownFileType = sourcecode.c.h; path = SCDefines.h; sourceTree = "<group>"; };
		5E314A571C9977B90076DB82 /* DCCrossHairView.h */ = {isa = PBXFileReference; fileEncoding = 4; lastKnownFileType = sourcecode.c.h; path = DCCrossHairView.h; sourceTree = "<group>"; };
		5E314A581C9977B90076DB82 /* DCCrossHairView.m */ = {isa = PBXFileReference; fileEncoding = 4; lastKnownFileType = sourcecode.c.objc; path = DCCrossHairView.m; sourceTree = "<group>"; };
		5E314A591C9977B90076DB82 /* DCFrameView.h */ = {isa = PBXFileReference; fileEncoding = 4; lastKnownFileType = sourcecode.c.h; path = DCFrameView.h; sourceTree = "<group>"; };
		5E314A5A1C9977B90076DB82 /* DCFrameView.m */ = {isa = PBXFileReference; fileEncoding = 4; lastKnownFileType = sourcecode.c.objc; path = DCFrameView.m; sourceTree = "<group>"; };
		5E314A5B1C9977B90076DB82 /* DCIntrospect.h */ = {isa = PBXFileReference; fileEncoding = 4; lastKnownFileType = sourcecode.c.h; path = DCIntrospect.h; sourceTree = "<group>"; };
		5E314A5C1C9977B90076DB82 /* DCIntrospect.m */ = {isa = PBXFileReference; fileEncoding = 4; lastKnownFileType = sourcecode.c.objc; path = DCIntrospect.m; sourceTree = "<group>"; };
		5E314A5D1C9977B90076DB82 /* DCIntrospectSettings.h */ = {isa = PBXFileReference; fileEncoding = 4; lastKnownFileType = sourcecode.c.h; path = DCIntrospectSettings.h; sourceTree = "<group>"; };
		5E314A5E1C9977B90076DB82 /* DCStatusBarOverlay.h */ = {isa = PBXFileReference; fileEncoding = 4; lastKnownFileType = sourcecode.c.h; path = DCStatusBarOverlay.h; sourceTree = "<group>"; };
		5E314A5F1C9977B90076DB82 /* DCStatusBarOverlay.m */ = {isa = PBXFileReference; fileEncoding = 4; lastKnownFileType = sourcecode.c.objc; path = DCStatusBarOverlay.m; sourceTree = "<group>"; };
		5E314A601C9977B90076DB82 /* DCTextView.h */ = {isa = PBXFileReference; fileEncoding = 4; lastKnownFileType = sourcecode.c.h; path = DCTextView.h; sourceTree = "<group>"; };
		5E314A611C9977B90076DB82 /* DCTextView.m */ = {isa = PBXFileReference; fileEncoding = 4; lastKnownFileType = sourcecode.c.objc; path = DCTextView.m; sourceTree = "<group>"; };
		5E314A621C9977B90076DB82 /* UIView+DCAdditions.h */ = {isa = PBXFileReference; fileEncoding = 4; lastKnownFileType = sourcecode.c.h; path = "UIView+DCAdditions.h"; sourceTree = "<group>"; };
		5E314A631C9977B90076DB82 /* UIView+DCAdditions.m */ = {isa = PBXFileReference; fileEncoding = 4; lastKnownFileType = sourcecode.c.objc; path = "UIView+DCAdditions.m"; sourceTree = "<group>"; };
		5E314A651C9977B90076DB82 /* SVProgressHUD.bundle */ = {isa = PBXFileReference; lastKnownFileType = "wrapper.plug-in"; path = SVProgressHUD.bundle; sourceTree = "<group>"; };
		5E314A661C9977B90076DB82 /* SVProgressHUD.h */ = {isa = PBXFileReference; fileEncoding = 4; lastKnownFileType = sourcecode.c.h; path = SVProgressHUD.h; sourceTree = "<group>"; };
		5E314A671C9977B90076DB82 /* SVProgressHUD.m */ = {isa = PBXFileReference; fileEncoding = 4; lastKnownFileType = sourcecode.c.objc; path = SVProgressHUD.m; sourceTree = "<group>"; };
		5E314A691C9977B90076DB82 /* TYimageCropView.h */ = {isa = PBXFileReference; fileEncoding = 4; lastKnownFileType = sourcecode.c.h; path = TYimageCropView.h; sourceTree = "<group>"; };
		5E314A6A1C9977B90076DB82 /* TYimageCropView.m */ = {isa = PBXFileReference; fileEncoding = 4; lastKnownFileType = sourcecode.c.objc; path = TYimageCropView.m; sourceTree = "<group>"; };
		5E314A6C1C9977B90076DB82 /* TYPhotoAlbum_CameraCell.h */ = {isa = PBXFileReference; fileEncoding = 4; lastKnownFileType = sourcecode.c.h; path = TYPhotoAlbum_CameraCell.h; sourceTree = "<group>"; };
		5E314A6D1C9977B90076DB82 /* TYPhotoAlbum_CameraCell.m */ = {isa = PBXFileReference; fileEncoding = 4; lastKnownFileType = sourcecode.c.objc; path = TYPhotoAlbum_CameraCell.m; sourceTree = "<group>"; };
		5E314A6E1C9977B90076DB82 /* TYPhotoAlbum_PicCell.h */ = {isa = PBXFileReference; fileEncoding = 4; lastKnownFileType = sourcecode.c.h; path = TYPhotoAlbum_PicCell.h; sourceTree = "<group>"; };
		5E314A6F1C9977B90076DB82 /* TYPhotoAlbum_PicCell.m */ = {isa = PBXFileReference; fileEncoding = 4; lastKnownFileType = sourcecode.c.objc; path = TYPhotoAlbum_PicCell.m; sourceTree = "<group>"; };
		5E314A701C9977B90076DB82 /* TYPhotoAlbumAssetsLibraryView.h */ = {isa = PBXFileReference; fileEncoding = 4; lastKnownFileType = sourcecode.c.h; path = TYPhotoAlbumAssetsLibraryView.h; sourceTree = "<group>"; };
		5E314A711C9977B90076DB82 /* TYPhotoAlbumAssetsLibraryView.m */ = {isa = PBXFileReference; fileEncoding = 4; lastKnownFileType = sourcecode.c.objc; path = TYPhotoAlbumAssetsLibraryView.m; sourceTree = "<group>"; };
		5E314A721C9977B90076DB82 /* TYPhotoAlbumPhotoKitView.h */ = {isa = PBXFileReference; fileEncoding = 4; lastKnownFileType = sourcecode.c.h; path = TYPhotoAlbumPhotoKitView.h; sourceTree = "<group>"; };
		5E314A731C9977B90076DB82 /* TYPhotoAlbumPhotoKitView.m */ = {isa = PBXFileReference; fileEncoding = 4; lastKnownFileType = sourcecode.c.objc; path = TYPhotoAlbumPhotoKitView.m; sourceTree = "<group>"; };
		5E314A741C9977B90076DB82 /* TYPhotosAlbumView.h */ = {isa = PBXFileReference; fileEncoding = 4; lastKnownFileType = sourcecode.c.h; path = TYPhotosAlbumView.h; sourceTree = "<group>"; };
		5E314A751C9977B90076DB82 /* TYPhotosAlbumView.m */ = {isa = PBXFileReference; fileEncoding = 4; lastKnownFileType = sourcecode.c.objc; path = TYPhotosAlbumView.m; sourceTree = "<group>"; };
		5E314A8C1C9978340076DB82 /* MASCompositeConstraint.h */ = {isa = PBXFileReference; fileEncoding = 4; lastKnownFileType = sourcecode.c.h; path = MASCompositeConstraint.h; sourceTree = "<group>"; };
		5E314A8D1C9978340076DB82 /* MASCompositeConstraint.m */ = {isa = PBXFileReference; fileEncoding = 4; lastKnownFileType = sourcecode.c.objc; path = MASCompositeConstraint.m; sourceTree = "<group>"; };
		5E314A8E1C9978340076DB82 /* MASConstraint+Private.h */ = {isa = PBXFileReference; fileEncoding = 4; lastKnownFileType = sourcecode.c.h; path = "MASConstraint+Private.h"; sourceTree = "<group>"; };
		5E314A8F1C9978340076DB82 /* MASConstraint.h */ = {isa = PBXFileReference; fileEncoding = 4; lastKnownFileType = sourcecode.c.h; path = MASConstraint.h; sourceTree = "<group>"; };
		5E314A901C9978340076DB82 /* MASConstraint.m */ = {isa = PBXFileReference; fileEncoding = 4; lastKnownFileType = sourcecode.c.objc; path = MASConstraint.m; sourceTree = "<group>"; };
		5E314A911C9978340076DB82 /* MASConstraintMaker.h */ = {isa = PBXFileReference; fileEncoding = 4; lastKnownFileType = sourcecode.c.h; path = MASConstraintMaker.h; sourceTree = "<group>"; };
		5E314A921C9978340076DB82 /* MASConstraintMaker.m */ = {isa = PBXFileReference; fileEncoding = 4; lastKnownFileType = sourcecode.c.objc; path = MASConstraintMaker.m; sourceTree = "<group>"; };
		5E314A931C9978340076DB82 /* MASLayoutConstraint.h */ = {isa = PBXFileReference; fileEncoding = 4; lastKnownFileType = sourcecode.c.h; path = MASLayoutConstraint.h; sourceTree = "<group>"; };
		5E314A941C9978340076DB82 /* MASLayoutConstraint.m */ = {isa = PBXFileReference; fileEncoding = 4; lastKnownFileType = sourcecode.c.objc; path = MASLayoutConstraint.m; sourceTree = "<group>"; };
		5E314A951C9978340076DB82 /* Masonry.h */ = {isa = PBXFileReference; fileEncoding = 4; lastKnownFileType = sourcecode.c.h; path = Masonry.h; sourceTree = "<group>"; };
		5E314A961C9978340076DB82 /* MASUtilities.h */ = {isa = PBXFileReference; fileEncoding = 4; lastKnownFileType = sourcecode.c.h; path = MASUtilities.h; sourceTree = "<group>"; };
		5E314A971C9978340076DB82 /* MASViewAttribute.h */ = {isa = PBXFileReference; fileEncoding = 4; lastKnownFileType = sourcecode.c.h; path = MASViewAttribute.h; sourceTree = "<group>"; };
		5E314A981C9978340076DB82 /* MASViewAttribute.m */ = {isa = PBXFileReference; fileEncoding = 4; lastKnownFileType = sourcecode.c.objc; path = MASViewAttribute.m; sourceTree = "<group>"; };
		5E314A991C9978340076DB82 /* MASViewConstraint.h */ = {isa = PBXFileReference; fileEncoding = 4; lastKnownFileType = sourcecode.c.h; path = MASViewConstraint.h; sourceTree = "<group>"; };
		5E314A9A1C9978340076DB82 /* MASViewConstraint.m */ = {isa = PBXFileReference; fileEncoding = 4; lastKnownFileType = sourcecode.c.objc; path = MASViewConstraint.m; sourceTree = "<group>"; };
		5E314A9B1C9978340076DB82 /* NSArray+MASAdditions.h */ = {isa = PBXFileReference; fileEncoding = 4; lastKnownFileType = sourcecode.c.h; path = "NSArray+MASAdditions.h"; sourceTree = "<group>"; };
		5E314A9C1C9978340076DB82 /* NSArray+MASAdditions.m */ = {isa = PBXFileReference; fileEncoding = 4; lastKnownFileType = sourcecode.c.objc; path = "NSArray+MASAdditions.m"; sourceTree = "<group>"; };
		5E314A9D1C9978340076DB82 /* NSArray+MASShorthandAdditions.h */ = {isa = PBXFileReference; fileEncoding = 4; lastKnownFileType = sourcecode.c.h; path = "NSArray+MASShorthandAdditions.h"; sourceTree = "<group>"; };
		5E314A9E1C9978340076DB82 /* NSLayoutConstraint+MASDebugAdditions.h */ = {isa = PBXFileReference; fileEncoding = 4; lastKnownFileType = sourcecode.c.h; path = "NSLayoutConstraint+MASDebugAdditions.h"; sourceTree = "<group>"; };
		5E314A9F1C9978340076DB82 /* NSLayoutConstraint+MASDebugAdditions.m */ = {isa = PBXFileReference; fileEncoding = 4; lastKnownFileType = sourcecode.c.objc; path = "NSLayoutConstraint+MASDebugAdditions.m"; sourceTree = "<group>"; };
		5E314AA01C9978340076DB82 /* View+MASAdditions.h */ = {isa = PBXFileReference; fileEncoding = 4; lastKnownFileType = sourcecode.c.h; path = "View+MASAdditions.h"; sourceTree = "<group>"; };
		5E314AA11C9978340076DB82 /* View+MASAdditions.m */ = {isa = PBXFileReference; fileEncoding = 4; lastKnownFileType = sourcecode.c.objc; path = "View+MASAdditions.m"; sourceTree = "<group>"; };
		5E314AA21C9978340076DB82 /* View+MASShorthandAdditions.h */ = {isa = PBXFileReference; fileEncoding = 4; lastKnownFileType = sourcecode.c.h; path = "View+MASShorthandAdditions.h"; sourceTree = "<group>"; };
		5E314AB11C9978790076DB82 /* UIColor+Extension.h */ = {isa = PBXFileReference; fileEncoding = 4; lastKnownFileType = sourcecode.c.h; path = "UIColor+Extension.h"; sourceTree = "<group>"; };
		5E314AB21C9978790076DB82 /* UIColor+Extension.m */ = {isa = PBXFileReference; fileEncoding = 4; lastKnownFileType = sourcecode.c.objc; path = "UIColor+Extension.m"; sourceTree = "<group>"; };
		5E314ABA1C9979870076DB82 /* CustomNavigationController.h */ = {isa = PBXFileReference; fileEncoding = 4; lastKnownFileType = sourcecode.c.h; path = CustomNavigationController.h; sourceTree = "<group>"; };
		5E314ABB1C9979870076DB82 /* CustomNavigationController.m */ = {isa = PBXFileReference; fileEncoding = 4; lastKnownFileType = sourcecode.c.objc; path = CustomNavigationController.m; sourceTree = "<group>"; };
		5E314ABD1C9979D80076DB82 /* UIButton+CommonButton.h */ = {isa = PBXFileReference; fileEncoding = 4; lastKnownFileType = sourcecode.c.h; path = "UIButton+CommonButton.h"; sourceTree = "<group>"; };
		5E314ABE1C9979D80076DB82 /* UIButton+CommonButton.m */ = {isa = PBXFileReference; fileEncoding = 4; lastKnownFileType = sourcecode.c.objc; path = "UIButton+CommonButton.m"; sourceTree = "<group>"; };
		5E314ABF1C9979D80076DB82 /* UIViewController+NavigationBarItemFlexiable.h */ = {isa = PBXFileReference; fileEncoding = 4; lastKnownFileType = sourcecode.c.h; path = "UIViewController+NavigationBarItemFlexiable.h"; sourceTree = "<group>"; };
		5E314AC01C9979D80076DB82 /* UIViewController+NavigationBarItemFlexiable.m */ = {isa = PBXFileReference; fileEncoding = 4; lastKnownFileType = sourcecode.c.objc; path = "UIViewController+NavigationBarItemFlexiable.m"; sourceTree = "<group>"; };
		5E314AC41C997C7C0076DB82 /* SettingLabel.h */ = {isa = PBXFileReference; fileEncoding = 4; lastKnownFileType = sourcecode.c.h; path = SettingLabel.h; sourceTree = "<group>"; };
		5E314AC51C997C7C0076DB82 /* SettingLabel.m */ = {isa = PBXFileReference; fileEncoding = 4; lastKnownFileType = sourcecode.c.objc; path = SettingLabel.m; sourceTree = "<group>"; };
		5E314AC71C99805A0076DB82 /* showPhotoVC.h */ = {isa = PBXFileReference; fileEncoding = 4; lastKnownFileType = sourcecode.c.h; path = showPhotoVC.h; sourceTree = "<group>"; };
		5E314AC81C99805A0076DB82 /* showPhotoVC.m */ = {isa = PBXFileReference; fileEncoding = 4; lastKnownFileType = sourcecode.c.objc; path = showPhotoVC.m; sourceTree = "<group>"; };
/* End PBXFileReference section */

/* Begin PBXFrameworksBuildPhase section */
		5E314A091C9974300076DB82 /* Frameworks */ = {
			isa = PBXFrameworksBuildPhase;
			buildActionMask = 2147483647;
			files = (
			);
			runOnlyForDeploymentPostprocessing = 0;
		};
		5E314A221C9974300076DB82 /* Frameworks */ = {
			isa = PBXFrameworksBuildPhase;
			buildActionMask = 2147483647;
			files = (
			);
			runOnlyForDeploymentPostprocessing = 0;
		};
		5E314A2D1C9974300076DB82 /* Frameworks */ = {
			isa = PBXFrameworksBuildPhase;
			buildActionMask = 2147483647;
			files = (
			);
			runOnlyForDeploymentPostprocessing = 0;
		};
/* End PBXFrameworksBuildPhase section */

/* Begin PBXGroup section */
		5E314A031C9974300076DB82 = {
			isa = PBXGroup;
			children = (
				5E314AC31C997C7C0076DB82 /* SettingLabel */,
				5E314AAC1C9978790076DB82 /* UIKit */,
				5E314A8B1C9978340076DB82 /* Masonry */,
				5E314A431C9977B90076DB82 /* TYPhotoVCSubViews */,
				5E314A0E1C9974300076DB82 /* TYPhotosAlbum */,
				5E314A281C9974300076DB82 /* TYPhotosAlbumTests */,
				5E314A331C9974300076DB82 /* TYPhotosAlbumUITests */,
				5E314A0D1C9974300076DB82 /* Products */,
			);
			sourceTree = "<group>";
		};
		5E314A0D1C9974300076DB82 /* Products */ = {
			isa = PBXGroup;
			children = (
				5E314A0C1C9974300076DB82 /* TYPhotosAlbum.app */,
				5E314A251C9974300076DB82 /* TYPhotosAlbumTests.xctest */,
				5E314A301C9974300076DB82 /* TYPhotosAlbumUITests.xctest */,
			);
			name = Products;
			sourceTree = "<group>";
		};
		5E314A0E1C9974300076DB82 /* TYPhotosAlbum */ = {
			isa = PBXGroup;
			children = (
				5E314A121C9974300076DB82 /* AppDelegate.h */,
				5E314A131C9974300076DB82 /* AppDelegate.m */,
				5E314A151C9974300076DB82 /* ViewController.h */,
				5E314A161C9974300076DB82 /* ViewController.m */,
				5E314AC71C99805A0076DB82 /* showPhotoVC.h */,
				5E314AC81C99805A0076DB82 /* showPhotoVC.m */,
				5E314A181C9974300076DB82 /* Main.storyboard */,
				5E314A1B1C9974300076DB82 /* Assets.xcassets */,
				5E314A1D1C9974300076DB82 /* LaunchScreen.storyboard */,
				5E314A201C9974300076DB82 /* Info.plist */,
				5E314A0F1C9974300076DB82 /* Supporting Files */,
			);
			path = TYPhotosAlbum;
			sourceTree = "<group>";
		};
		5E314A0F1C9974300076DB82 /* Supporting Files */ = {
			isa = PBXGroup;
			children = (
				5E314A101C9974300076DB82 /* main.m */,
			);
			name = "Supporting Files";
			sourceTree = "<group>";
		};
		5E314A281C9974300076DB82 /* TYPhotosAlbumTests */ = {
			isa = PBXGroup;
			children = (
				5E314A291C9974300076DB82 /* TYPhotosAlbumTests.m */,
				5E314A2B1C9974300076DB82 /* Info.plist */,
			);
			path = TYPhotosAlbumTests;
			sourceTree = "<group>";
		};
		5E314A331C9974300076DB82 /* TYPhotosAlbumUITests */ = {
			isa = PBXGroup;
			children = (
				5E314A341C9974300076DB82 /* TYPhotosAlbumUITests.m */,
				5E314A361C9974300076DB82 /* Info.plist */,
			);
			path = TYPhotosAlbumUITests;
			sourceTree = "<group>";
		};
		5E314A431C9977B90076DB82 /* TYPhotoVCSubViews */ = {
			isa = PBXGroup;
			children = (
				5E314A441C9977B90076DB82 /* TYCameraSubViews */,
				5E314A681C9977B90076DB82 /* TYimageCopView */,
				5E314A6B1C9977B90076DB82 /* TYPhotoAlbumView */,
			);
			path = TYPhotoVCSubViews;
			sourceTree = "<group>";
		};
		5E314A441C9977B90076DB82 /* TYCameraSubViews */ = {
			isa = PBXGroup;
			children = (
				5E314A451C9977B90076DB82 /* SCCaptureCamera */,
				5E314A511C9977B90076DB82 /* SCCommon */,
				5E314A551C9977B90076DB82 /* Vendor */,
			);
			path = TYCameraSubViews;
			sourceTree = "<group>";
		};
		5E314A451C9977B90076DB82 /* SCCaptureCamera */ = {
			isa = PBXGroup;
			children = (
				5E314A461C9977B90076DB82 /* images */,
				5E314A471C9977B90076DB82 /* SCCaptureCameraController.h */,
				5E314A481C9977B90076DB82 /* SCCaptureCameraController.m */,
				5E314A491C9977B90076DB82 /* SCCaptureSessionManager.h */,
				5E314A4A1C9977B90076DB82 /* SCCaptureSessionManager.m */,
				5E314A4B1C9977B90076DB82 /* SCNavigationController.h */,
				5E314A4C1C9977B90076DB82 /* SCNavigationController.m */,
				5E314A4D1C9977B90076DB82 /* SCSlider.h */,
				5E314A4E1C9977B90076DB82 /* SCSlider.m */,
				5E314A4F1C9977B90076DB82 /* UIImage+Resize.h */,
				5E314A501C9977B90076DB82 /* UIImage+Resize.m */,
			);
			path = SCCaptureCamera;
			sourceTree = "<group>";
		};
		5E314A461C9977B90076DB82 /* images */ = {
			isa = PBXGroup;
			children = (
			);
			path = images;
			sourceTree = "<group>";
		};
		5E314A511C9977B90076DB82 /* SCCommon */ = {
			isa = PBXGroup;
			children = (
				5E314A521C9977B90076DB82 /* SCCommon.h */,
				5E314A531C9977B90076DB82 /* SCCommon.m */,
				5E314A541C9977B90076DB82 /* SCDefines.h */,
			);
			path = SCCommon;
			sourceTree = "<group>";
		};
		5E314A551C9977B90076DB82 /* Vendor */ = {
			isa = PBXGroup;
			children = (
				5E314A561C9977B90076DB82 /* DCIntrospect-ARC */,
				5E314A641C9977B90076DB82 /* SVProgressHUD */,
			);
			path = Vendor;
			sourceTree = "<group>";
		};
		5E314A561C9977B90076DB82 /* DCIntrospect-ARC */ = {
			isa = PBXGroup;
			children = (
				5E314A571C9977B90076DB82 /* DCCrossHairView.h */,
				5E314A581C9977B90076DB82 /* DCCrossHairView.m */,
				5E314A591C9977B90076DB82 /* DCFrameView.h */,
				5E314A5A1C9977B90076DB82 /* DCFrameView.m */,
				5E314A5B1C9977B90076DB82 /* DCIntrospect.h */,
				5E314A5C1C9977B90076DB82 /* DCIntrospect.m */,
				5E314A5D1C9977B90076DB82 /* DCIntrospectSettings.h */,
				5E314A5E1C9977B90076DB82 /* DCStatusBarOverlay.h */,
				5E314A5F1C9977B90076DB82 /* DCStatusBarOverlay.m */,
				5E314A601C9977B90076DB82 /* DCTextView.h */,
				5E314A611C9977B90076DB82 /* DCTextView.m */,
				5E314A621C9977B90076DB82 /* UIView+DCAdditions.h */,
				5E314A631C9977B90076DB82 /* UIView+DCAdditions.m */,
			);
			path = "DCIntrospect-ARC";
			sourceTree = "<group>";
		};
		5E314A641C9977B90076DB82 /* SVProgressHUD */ = {
			isa = PBXGroup;
			children = (
				5E314A651C9977B90076DB82 /* SVProgressHUD.bundle */,
				5E314A661C9977B90076DB82 /* SVProgressHUD.h */,
				5E314A671C9977B90076DB82 /* SVProgressHUD.m */,
			);
			path = SVProgressHUD;
			sourceTree = "<group>";
		};
		5E314A681C9977B90076DB82 /* TYimageCopView */ = {
			isa = PBXGroup;
			children = (
				5E314A691C9977B90076DB82 /* TYimageCropView.h */,
				5E314A6A1C9977B90076DB82 /* TYimageCropView.m */,
			);
			path = TYimageCopView;
			sourceTree = "<group>";
		};
		5E314A6B1C9977B90076DB82 /* TYPhotoAlbumView */ = {
			isa = PBXGroup;
			children = (
				5E314A6C1C9977B90076DB82 /* TYPhotoAlbum_CameraCell.h */,
				5E314A6D1C9977B90076DB82 /* TYPhotoAlbum_CameraCell.m */,
				5E314A6E1C9977B90076DB82 /* TYPhotoAlbum_PicCell.h */,
				5E314A6F1C9977B90076DB82 /* TYPhotoAlbum_PicCell.m */,
				5E314A701C9977B90076DB82 /* TYPhotoAlbumAssetsLibraryView.h */,
				5E314A711C9977B90076DB82 /* TYPhotoAlbumAssetsLibraryView.m */,
				5E314A721C9977B90076DB82 /* TYPhotoAlbumPhotoKitView.h */,
				5E314A731C9977B90076DB82 /* TYPhotoAlbumPhotoKitView.m */,
				5E314A741C9977B90076DB82 /* TYPhotosAlbumView.h */,
				5E314A751C9977B90076DB82 /* TYPhotosAlbumView.m */,
			);
			path = TYPhotoAlbumView;
			sourceTree = "<group>";
		};
		5E314A8B1C9978340076DB82 /* Masonry */ = {
			isa = PBXGroup;
			children = (
				5E314A8C1C9978340076DB82 /* MASCompositeConstraint.h */,
				5E314A8D1C9978340076DB82 /* MASCompositeConstraint.m */,
				5E314A8E1C9978340076DB82 /* MASConstraint+Private.h */,
				5E314A8F1C9978340076DB82 /* MASConstraint.h */,
				5E314A901C9978340076DB82 /* MASConstraint.m */,
				5E314A911C9978340076DB82 /* MASConstraintMaker.h */,
				5E314A921C9978340076DB82 /* MASConstraintMaker.m */,
				5E314A931C9978340076DB82 /* MASLayoutConstraint.h */,
				5E314A941C9978340076DB82 /* MASLayoutConstraint.m */,
				5E314A951C9978340076DB82 /* Masonry.h */,
				5E314A961C9978340076DB82 /* MASUtilities.h */,
				5E314A971C9978340076DB82 /* MASViewAttribute.h */,
				5E314A981C9978340076DB82 /* MASViewAttribute.m */,
				5E314A991C9978340076DB82 /* MASViewConstraint.h */,
				5E314A9A1C9978340076DB82 /* MASViewConstraint.m */,
				5E314A9B1C9978340076DB82 /* NSArray+MASAdditions.h */,
				5E314A9C1C9978340076DB82 /* NSArray+MASAdditions.m */,
				5E314A9D1C9978340076DB82 /* NSArray+MASShorthandAdditions.h */,
				5E314A9E1C9978340076DB82 /* NSLayoutConstraint+MASDebugAdditions.h */,
				5E314A9F1C9978340076DB82 /* NSLayoutConstraint+MASDebugAdditions.m */,
				5E314AA01C9978340076DB82 /* View+MASAdditions.h */,
				5E314AA11C9978340076DB82 /* View+MASAdditions.m */,
				5E314AA21C9978340076DB82 /* View+MASShorthandAdditions.h */,
			);
			path = Masonry;
			sourceTree = "<group>";
		};
		5E314AAC1C9978790076DB82 /* UIKit */ = {
			isa = PBXGroup;
			children = (
				5E314ABD1C9979D80076DB82 /* UIButton+CommonButton.h */,
				5E314ABE1C9979D80076DB82 /* UIButton+CommonButton.m */,
				5E314ABF1C9979D80076DB82 /* UIViewController+NavigationBarItemFlexiable.h */,
				5E314AC01C9979D80076DB82 /* UIViewController+NavigationBarItemFlexiable.m */,
				5E314ABA1C9979870076DB82 /* CustomNavigationController.h */,
				5E314ABB1C9979870076DB82 /* CustomNavigationController.m */,
				5E314AB11C9978790076DB82 /* UIColor+Extension.h */,
				5E314AB21C9978790076DB82 /* UIColor+Extension.m */,
			);
			path = UIKit;
			sourceTree = "<group>";
		};
		5E314AC31C997C7C0076DB82 /* SettingLabel */ = {
			isa = PBXGroup;
			children = (
				5E314AC41C997C7C0076DB82 /* SettingLabel.h */,
				5E314AC51C997C7C0076DB82 /* SettingLabel.m */,
			);
			path = SettingLabel;
			sourceTree = "<group>";
		};
/* End PBXGroup section */

/* Begin PBXNativeTarget section */
		5E314A0B1C9974300076DB82 /* TYPhotosAlbum */ = {
			isa = PBXNativeTarget;
			buildConfigurationList = 5E314A391C9974300076DB82 /* Build configuration list for PBXNativeTarget "TYPhotosAlbum" */;
			buildPhases = (
				5E314A081C9974300076DB82 /* Sources */,
				5E314A091C9974300076DB82 /* Frameworks */,
				5E314A0A1C9974300076DB82 /* Resources */,
			);
			buildRules = (
			);
			dependencies = (
			);
			name = TYPhotosAlbum;
			productName = TYPhotosAlbum;
			productReference = 5E314A0C1C9974300076DB82 /* TYPhotosAlbum.app */;
			productType = "com.apple.product-type.application";
		};
		5E314A241C9974300076DB82 /* TYPhotosAlbumTests */ = {
			isa = PBXNativeTarget;
			buildConfigurationList = 5E314A3C1C9974300076DB82 /* Build configuration list for PBXNativeTarget "TYPhotosAlbumTests" */;
			buildPhases = (
				5E314A211C9974300076DB82 /* Sources */,
				5E314A221C9974300076DB82 /* Frameworks */,
				5E314A231C9974300076DB82 /* Resources */,
			);
			buildRules = (
			);
			dependencies = (
				5E314A271C9974300076DB82 /* PBXTargetDependency */,
			);
			name = TYPhotosAlbumTests;
			productName = TYPhotosAlbumTests;
			productReference = 5E314A251C9974300076DB82 /* TYPhotosAlbumTests.xctest */;
			productType = "com.apple.product-type.bundle.unit-test";
		};
		5E314A2F1C9974300076DB82 /* TYPhotosAlbumUITests */ = {
			isa = PBXNativeTarget;
			buildConfigurationList = 5E314A3F1C9974300076DB82 /* Build configuration list for PBXNativeTarget "TYPhotosAlbumUITests" */;
			buildPhases = (
				5E314A2C1C9974300076DB82 /* Sources */,
				5E314A2D1C9974300076DB82 /* Frameworks */,
				5E314A2E1C9974300076DB82 /* Resources */,
			);
			buildRules = (
			);
			dependencies = (
				5E314A321C9974300076DB82 /* PBXTargetDependency */,
			);
			name = TYPhotosAlbumUITests;
			productName = TYPhotosAlbumUITests;
			productReference = 5E314A301C9974300076DB82 /* TYPhotosAlbumUITests.xctest */;
			productType = "com.apple.product-type.bundle.ui-testing";
		};
/* End PBXNativeTarget section */

/* Begin PBXProject section */
		5E314A041C9974300076DB82 /* Project object */ = {
			isa = PBXProject;
			attributes = {
				LastUpgradeCheck = 0720;
				ORGANIZATIONNAME = Tianyang;
				TargetAttributes = {
					5E314A0B1C9974300076DB82 = {
						CreatedOnToolsVersion = 7.2.1;
					};
					5E314A241C9974300076DB82 = {
						CreatedOnToolsVersion = 7.2.1;
						TestTargetID = 5E314A0B1C9974300076DB82;
					};
					5E314A2F1C9974300076DB82 = {
						CreatedOnToolsVersion = 7.2.1;
						TestTargetID = 5E314A0B1C9974300076DB82;
					};
				};
			};
			buildConfigurationList = 5E314A071C9974300076DB82 /* Build configuration list for PBXProject "TYPhotosAlbum" */;
			compatibilityVersion = "Xcode 3.2";
			developmentRegion = English;
			hasScannedForEncodings = 0;
			knownRegions = (
				en,
				Base,
			);
			mainGroup = 5E314A031C9974300076DB82;
			productRefGroup = 5E314A0D1C9974300076DB82 /* Products */;
			projectDirPath = "";
			projectRoot = "";
			targets = (
				5E314A0B1C9974300076DB82 /* TYPhotosAlbum */,
				5E314A241C9974300076DB82 /* TYPhotosAlbumTests */,
				5E314A2F1C9974300076DB82 /* TYPhotosAlbumUITests */,
			);
		};
/* End PBXProject section */

/* Begin PBXResourcesBuildPhase section */
		5E314A0A1C9974300076DB82 /* Resources */ = {
			isa = PBXResourcesBuildPhase;
			buildActionMask = 2147483647;
			files = (
				5E314A1F1C9974300076DB82 /* LaunchScreen.storyboard in Resources */,
				5E314A1C1C9974300076DB82 /* Assets.xcassets in Resources */,
				5E314A1A1C9974300076DB82 /* Main.storyboard in Resources */,
				5E314A821C9977B90076DB82 /* SVProgressHUD.bundle in Resources */,
			);
			runOnlyForDeploymentPostprocessing = 0;
		};
		5E314A231C9974300076DB82 /* Resources */ = {
			isa = PBXResourcesBuildPhase;
			buildActionMask = 2147483647;
			files = (
			);
			runOnlyForDeploymentPostprocessing = 0;
		};
		5E314A2E1C9974300076DB82 /* Resources */ = {
			isa = PBXResourcesBuildPhase;
			buildActionMask = 2147483647;
			files = (
			);
			runOnlyForDeploymentPostprocessing = 0;
		};
/* End PBXResourcesBuildPhase section */

/* Begin PBXSourcesBuildPhase section */
		5E314A081C9974300076DB82 /* Sources */ = {
			isa = PBXSourcesBuildPhase;
			buildActionMask = 2147483647;
			files = (
				5E314A801C9977B90076DB82 /* DCTextView.m in Sources */,
				5E314AA31C9978340076DB82 /* MASCompositeConstraint.m in Sources */,
				5E314AAB1C9978340076DB82 /* View+MASAdditions.m in Sources */,
				5E314AC21C9979D80076DB82 /* UIViewController+NavigationBarItemFlexiable.m in Sources */,
				5E314A171C9974300076DB82 /* ViewController.m in Sources */,
				5E314A7A1C9977B90076DB82 /* UIImage+Resize.m in Sources */,
				5E314A881C9977B90076DB82 /* TYPhotoAlbumPhotoKitView.m in Sources */,
				5E314AC61C997C7C0076DB82 /* SettingLabel.m in Sources */,
				5E314A7C1C9977B90076DB82 /* DCCrossHairView.m in Sources */,
				5E314AB71C9978790076DB82 /* UIColor+Extension.m in Sources */,
				5E314AA61C9978340076DB82 /* MASLayoutConstraint.m in Sources */,
				5E314AA91C9978340076DB82 /* NSArray+MASAdditions.m in Sources */,
				5E314A851C9977B90076DB82 /* TYPhotoAlbum_CameraCell.m in Sources */,
				5E314A781C9977B90076DB82 /* SCNavigationController.m in Sources */,
				5E314AC11C9979D80076DB82 /* UIButton+CommonButton.m in Sources */,
				5E314AA41C9978340076DB82 /* MASConstraint.m in Sources */,
				5E314A7B1C9977B90076DB82 /* SCCommon.m in Sources */,
				5E314AA81C9978340076DB82 /* MASViewConstraint.m in Sources */,
				5E314AC91C99805A0076DB82 /* showPhotoVC.m in Sources */,
				5E314A791C9977B90076DB82 /* SCSlider.m in Sources */,
				5E314ABC1C9979870076DB82 /* CustomNavigationController.m in Sources */,
				5E314A841C9977B90076DB82 /* TYimageCropView.m in Sources */,
				5E314A811C9977B90076DB82 /* UIView+DCAdditions.m in Sources */,
				5E314AA71C9978340076DB82 /* MASViewAttribute.m in Sources */,
				5E314A861C9977B90076DB82 /* TYPhotoAlbum_PicCell.m in Sources */,
				5E314A761C9977B90076DB82 /* SCCaptureCameraController.m in Sources */,
				5E314A831C9977B90076DB82 /* SVProgressHUD.m in Sources */,
				5E314A871C9977B90076DB82 /* TYPhotoAlbumAssetsLibraryView.m in Sources */,
				5E314A7F1C9977B90076DB82 /* DCStatusBarOverlay.m in Sources */,
				5E314A771C9977B90076DB82 /* SCCaptureSessionManager.m in Sources */,
				5E314AAA1C9978340076DB82 /* NSLayoutConstraint+MASDebugAdditions.m in Sources */,
				5E314A141C9974300076DB82 /* AppDelegate.m in Sources */,
				5E314A891C9977B90076DB82 /* TYPhotosAlbumView.m in Sources */,
				5E314AA51C9978340076DB82 /* MASConstraintMaker.m in Sources */,
				5E314A111C9974300076DB82 /* main.m in Sources */,
				5E314A7D1C9977B90076DB82 /* DCFrameView.m in Sources */,
				5E314A7E1C9977B90076DB82 /* DCIntrospect.m in Sources */,
			);
			runOnlyForDeploymentPostprocessing = 0;
		};
		5E314A211C9974300076DB82 /* Sources */ = {
			isa = PBXSourcesBuildPhase;
			buildActionMask = 2147483647;
			files = (
				5E314A2A1C9974300076DB82 /* TYPhotosAlbumTests.m in Sources */,
			);
			runOnlyForDeploymentPostprocessing = 0;
		};
		5E314A2C1C9974300076DB82 /* Sources */ = {
			isa = PBXSourcesBuildPhase;
			buildActionMask = 2147483647;
			files = (
				5E314A351C9974300076DB82 /* TYPhotosAlbumUITests.m in Sources */,
			);
			runOnlyForDeploymentPostprocessing = 0;
		};
/* End PBXSourcesBuildPhase section */

/* Begin PBXTargetDependency section */
		5E314A271C9974300076DB82 /* PBXTargetDependency */ = {
			isa = PBXTargetDependency;
			target = 5E314A0B1C9974300076DB82 /* TYPhotosAlbum */;
			targetProxy = 5E314A261C9974300076DB82 /* PBXContainerItemProxy */;
		};
		5E314A321C9974300076DB82 /* PBXTargetDependency */ = {
			isa = PBXTargetDependency;
			target = 5E314A0B1C9974300076DB82 /* TYPhotosAlbum */;
			targetProxy = 5E314A311C9974300076DB82 /* PBXContainerItemProxy */;
		};
/* End PBXTargetDependency section */

/* Begin PBXVariantGroup section */
		5E314A181C9974300076DB82 /* Main.storyboard */ = {
			isa = PBXVariantGroup;
			children = (
				5E314A191C9974300076DB82 /* Base */,
			);
			name = Main.storyboard;
			sourceTree = "<group>";
		};
		5E314A1D1C9974300076DB82 /* LaunchScreen.storyboard */ = {
			isa = PBXVariantGroup;
			children = (
				5E314A1E1C9974300076DB82 /* Base */,
			);
			name = LaunchScreen.storyboard;
			sourceTree = "<group>";
		};
/* End PBXVariantGroup section */

/* Begin XCBuildConfiguration section */
		5E314A371C9974300076DB82 /* Debug */ = {
			isa = XCBuildConfiguration;
			buildSettings = {
				ALWAYS_SEARCH_USER_PATHS = NO;
				CLANG_CXX_LANGUAGE_STANDARD = "gnu++0x";
				CLANG_CXX_LIBRARY = "libc++";
				CLANG_ENABLE_MODULES = YES;
				CLANG_ENABLE_OBJC_ARC = YES;
				CLANG_WARN_BOOL_CONVERSION = YES;
				CLANG_WARN_CONSTANT_CONVERSION = YES;
				CLANG_WARN_DIRECT_OBJC_ISA_USAGE = YES_ERROR;
				CLANG_WARN_EMPTY_BODY = YES;
				CLANG_WARN_ENUM_CONVERSION = YES;
				CLANG_WARN_INT_CONVERSION = YES;
				CLANG_WARN_OBJC_ROOT_CLASS = YES_ERROR;
				CLANG_WARN_UNREACHABLE_CODE = YES;
				CLANG_WARN__DUPLICATE_METHOD_MATCH = YES;
				"CODE_SIGN_IDENTITY[sdk=iphoneos*]" = "iPhone Developer";
				COPY_PHASE_STRIP = NO;
				DEBUG_INFORMATION_FORMAT = dwarf;
				ENABLE_STRICT_OBJC_MSGSEND = YES;
				ENABLE_TESTABILITY = YES;
				GCC_C_LANGUAGE_STANDARD = gnu99;
				GCC_DYNAMIC_NO_PIC = NO;
				GCC_NO_COMMON_BLOCKS = YES;
				GCC_OPTIMIZATION_LEVEL = 0;
				GCC_PREPROCESSOR_DEFINITIONS = (
					"DEBUG=1",
					"$(inherited)",
				);
				GCC_WARN_64_TO_32_BIT_CONVERSION = YES;
				GCC_WARN_ABOUT_RETURN_TYPE = YES_ERROR;
				GCC_WARN_UNDECLARED_SELECTOR = YES;
				GCC_WARN_UNINITIALIZED_AUTOS = YES_AGGRESSIVE;
				GCC_WARN_UNUSED_FUNCTION = YES;
				GCC_WARN_UNUSED_VARIABLE = YES;
				IPHONEOS_DEPLOYMENT_TARGET = 9.2;
				MTL_ENABLE_DEBUG_INFO = YES;
				ONLY_ACTIVE_ARCH = YES;
				SDKROOT = iphoneos;
				TARGETED_DEVICE_FAMILY = "1,2";
			};
			name = Debug;
		};
		5E314A381C9974300076DB82 /* Release */ = {
			isa = XCBuildConfiguration;
			buildSettings = {
				ALWAYS_SEARCH_USER_PATHS = NO;
				CLANG_CXX_LANGUAGE_STANDARD = "gnu++0x";
				CLANG_CXX_LIBRARY = "libc++";
				CLANG_ENABLE_MODULES = YES;
				CLANG_ENABLE_OBJC_ARC = YES;
				CLANG_WARN_BOOL_CONVERSION = YES;
				CLANG_WARN_CONSTANT_CONVERSION = YES;
				CLANG_WARN_DIRECT_OBJC_ISA_USAGE = YES_ERROR;
				CLANG_WARN_EMPTY_BODY = YES;
				CLANG_WARN_ENUM_CONVERSION = YES;
				CLANG_WARN_INT_CONVERSION = YES;
				CLANG_WARN_OBJC_ROOT_CLASS = YES_ERROR;
				CLANG_WARN_UNREACHABLE_CODE = YES;
				CLANG_WARN__DUPLICATE_METHOD_MATCH = YES;
				"CODE_SIGN_IDENTITY[sdk=iphoneos*]" = "iPhone Developer";
				COPY_PHASE_STRIP = NO;
				DEBUG_INFORMATION_FORMAT = "dwarf-with-dsym";
				ENABLE_NS_ASSERTIONS = NO;
				ENABLE_STRICT_OBJC_MSGSEND = YES;
				GCC_C_LANGUAGE_STANDARD = gnu99;
				GCC_NO_COMMON_BLOCKS = YES;
				GCC_WARN_64_TO_32_BIT_CONVERSION = YES;
				GCC_WARN_ABOUT_RETURN_TYPE = YES_ERROR;
				GCC_WARN_UNDECLARED_SELECTOR = YES;
				GCC_WARN_UNINITIALIZED_AUTOS = YES_AGGRESSIVE;
				GCC_WARN_UNUSED_FUNCTION = YES;
				GCC_WARN_UNUSED_VARIABLE = YES;
				IPHONEOS_DEPLOYMENT_TARGET = 9.2;
				MTL_ENABLE_DEBUG_INFO = NO;
				SDKROOT = iphoneos;
				TARGETED_DEVICE_FAMILY = "1,2";
				VALIDATE_PRODUCT = YES;
			};
			name = Release;
		};
		5E314A3A1C9974300076DB82 /* Debug */ = {
			isa = XCBuildConfiguration;
			buildSettings = {
				ASSETCATALOG_COMPILER_APPICON_NAME = AppIcon;
				INFOPLIST_FILE = TYPhotosAlbum/Info.plist;
				LD_RUNPATH_SEARCH_PATHS = "$(inherited) @executable_path/Frameworks";
				PRODUCT_BUNDLE_IDENTIFIER = com.Momai.TYPhotosAlbum;
				PRODUCT_NAME = "$(TARGET_NAME)";
			};
			name = Debug;
		};
		5E314A3B1C9974300076DB82 /* Release */ = {
			isa = XCBuildConfiguration;
			buildSettings = {
				ASSETCATALOG_COMPILER_APPICON_NAME = AppIcon;
				INFOPLIST_FILE = TYPhotosAlbum/Info.plist;
				LD_RUNPATH_SEARCH_PATHS = "$(inherited) @executable_path/Frameworks";
				PRODUCT_BUNDLE_IDENTIFIER = com.Momai.TYPhotosAlbum;
				PRODUCT_NAME = "$(TARGET_NAME)";
			};
			name = Release;
		};
		5E314A3D1C9974300076DB82 /* Debug */ = {
			isa = XCBuildConfiguration;
			buildSettings = {
				BUNDLE_LOADER = "$(TEST_HOST)";
				INFOPLIST_FILE = TYPhotosAlbumTests/Info.plist;
				LD_RUNPATH_SEARCH_PATHS = "$(inherited) @executable_path/Frameworks @loader_path/Frameworks";
				PRODUCT_BUNDLE_IDENTIFIER = com.Momai.TYPhotosAlbumTests;
				PRODUCT_NAME = "$(TARGET_NAME)";
				TEST_HOST = "$(BUILT_PRODUCTS_DIR)/TYPhotosAlbum.app/TYPhotosAlbum";
			};
			name = Debug;
		};
		5E314A3E1C9974300076DB82 /* Release */ = {
			isa = XCBuildConfiguration;
			buildSettings = {
				BUNDLE_LOADER = "$(TEST_HOST)";
				INFOPLIST_FILE = TYPhotosAlbumTests/Info.plist;
				LD_RUNPATH_SEARCH_PATHS = "$(inherited) @executable_path/Frameworks @loader_path/Frameworks";
				PRODUCT_BUNDLE_IDENTIFIER = com.Momai.TYPhotosAlbumTests;
				PRODUCT_NAME = "$(TARGET_NAME)";
				TEST_HOST = "$(BUILT_PRODUCTS_DIR)/TYPhotosAlbum.app/TYPhotosAlbum";
			};
			name = Release;
		};
		5E314A401C9974300076DB82 /* Debug */ = {
			isa = XCBuildConfiguration;
			buildSettings = {
				INFOPLIST_FILE = TYPhotosAlbumUITests/Info.plist;
				LD_RUNPATH_SEARCH_PATHS = "$(inherited) @executable_path/Frameworks @loader_path/Frameworks";
				PRODUCT_BUNDLE_IDENTIFIER = com.Momai.TYPhotosAlbumUITests;
				PRODUCT_NAME = "$(TARGET_NAME)";
				TEST_TARGET_NAME = TYPhotosAlbum;
				USES_XCTRUNNER = YES;
			};
			name = Debug;
		};
		5E314A411C9974300076DB82 /* Release */ = {
			isa = XCBuildConfiguration;
			buildSettings = {
				INFOPLIST_FILE = TYPhotosAlbumUITests/Info.plist;
				LD_RUNPATH_SEARCH_PATHS = "$(inherited) @executable_path/Frameworks @loader_path/Frameworks";
				PRODUCT_BUNDLE_IDENTIFIER = com.Momai.TYPhotosAlbumUITests;
				PRODUCT_NAME = "$(TARGET_NAME)";
				TEST_TARGET_NAME = TYPhotosAlbum;
				USES_XCTRUNNER = YES;
			};
			name = Release;
		};
/* End XCBuildConfiguration section */

/* Begin XCConfigurationList section */
		5E314A071C9974300076DB82 /* Build configuration list for PBXProject "TYPhotosAlbum" */ = {
			isa = XCConfigurationList;
			buildConfigurations = (
				5E314A371C9974300076DB82 /* Debug */,
				5E314A381C9974300076DB82 /* Release */,
			);
			defaultConfigurationIsVisible = 0;
			defaultConfigurationName = Release;
		};
		5E314A391C9974300076DB82 /* Build configuration list for PBXNativeTarget "TYPhotosAlbum" */ = {
			isa = XCConfigurationList;
			buildConfigurations = (
				5E314A3A1C9974300076DB82 /* Debug */,
				5E314A3B1C9974300076DB82 /* Release */,
			);
			defaultConfigurationIsVisible = 0;
		};
		5E314A3C1C9974300076DB82 /* Build configuration list for PBXNativeTarget "TYPhotosAlbumTests" */ = {
			isa = XCConfigurationList;
			buildConfigurations = (
				5E314A3D1C9974300076DB82 /* Debug */,
				5E314A3E1C9974300076DB82 /* Release */,
			);
			defaultConfigurationIsVisible = 0;
		};
		5E314A3F1C9974300076DB82 /* Build configuration list for PBXNativeTarget "TYPhotosAlbumUITests" */ = {
			isa = XCConfigurationList;
			buildConfigurations = (
				5E314A401C9974300076DB82 /* Debug */,
				5E314A411C9974300076DB82 /* Release */,
			);
			defaultConfigurationIsVisible = 0;
		};
/* End XCConfigurationList section */
	};
	rootObject = 5E314A041C9974300076DB82 /* Project object */;
}
